
Microsoft Visual Studio Solution File, Format Version 12.00
# Visual Studio Version 17
VisualStudioVersion = 17.14.36202.13 d17.14
MinimumVisualStudioVersion = 10.0.40219.1
Project("{FAE04EC0-301F-11D3-BF4B-00C04F79EFBC}") = "Ativo.Alterado", "Ativo.Alterado\Ativo.Alterado.csproj", "{7D767ED4-CE7A-40AB-8711-6E8AB6F9D3F5}"
EndProject
Global
	GlobalSection(SolutionConfigurationPlatforms) = preSolution
		Debug|Any CPU = Debug|Any CPU
		Release|Any CPU = Release|Any CPU
	EndGlobalSection
	GlobalSection(ProjectConfigurationPlatforms) = postSolution
		{7D767ED4-CE7A-40AB-8711-6E8AB6F9D3F5}.Debug|Any CPU.ActiveCfg = Debug|Any CPU
		{7D767ED4-CE7A-40AB-8711-6E8AB6F9D3F5}.Debug|Any CPU.Build.0 = Debug|Any CPU
		{7D767ED4-CE7A-40AB-8711-6E8AB6F9D3F5}.Release|Any CPU.ActiveCfg = Release|Any CPU
		{7D767ED4-CE7A-40AB-8711-6E8AB6F9D3F5}.Release|Any CPU.Build.0 = Release|Any CPU
	EndGlobalSection
	GlobalSection(SolutionProperties) = preSolution
		HideSolutionNode = FALSE
	EndGlobalSection
	GlobalSection(ExtensibilityGlobals) = postSolution
		SolutionGuid = {473DC15E-1F7A-4D71-A191-1D2F5DC0590E}
	EndGlobalSection
EndGlobal
